<?xml version="1.0" encoding="utf-8"?>
<Project ToolsVersion="4.0" xmlns="http://schemas.microsoft.com/developer/msbuild/2003">
  <ItemGroup>
    <Filter Include="Source Files">
      <UniqueIdentifier>{4FC737F1-C7A5-4376-A066-2A32D752A2FF}</UniqueIdentifier>
      <Extensions>cpp;c;cc;cxx;c++;cppm;ixx;def;odl;idl;hpj;bat;asm;asmx</Extensions>
    </Filter>
    <Filter Include="Header Files">
      <UniqueIdentifier>{93995380-89BD-4b04-88EB-625FBE52EBFB}</UniqueIdentifier>
      <Extensions>h;hh;hpp;hxx;h++;hm;inl;inc;ipp;xsd</Extensions>
    </Filter>
    <Filter Include="Resource Files">
      <UniqueIdentifier>{67DA6AB6-F800-4c08-8B7A-83BB121AAD01}</UniqueIdentifier>
      <Extensions>rc;ico;cur;bmp;dlg;rc2;rct;bin;rgs;gif;jpg;jpeg;jpe;resx;tiff;tif;png;wav;mfcribbon-ms</Extensions>
    </Filter>
    <Filter Include="Header Files\Header">
      <UniqueIdentifier>{d8b6148f-c849-4f14-9729-b33dcf61f702}</UniqueIdentifier>
    </Filter>
    <Filter Include="Header Files\Header\Core">
      <UniqueIdentifier>{ce35eda7-f62a-4c3e-a9eb-523d73a2d797}</UniqueIdentifier>
    </Filter>
    <Filter Include="Header Files\Header\GamePlay">
      <UniqueIdentifier>{c5de3a9a-158c-47a2-8c1a-734da75fac10}</UniqueIdentifier>
    </Filter>
    <Filter Include="Header Files\Header\GamePlay\Ball">
      <UniqueIdentifier>{4d39914e-e06d-4529-b5e7-a934414baf26}</UniqueIdentifier>
    </Filter>
    <Filter Include="Header Files\Header\GamePlay\Paddle">
      <UniqueIdentifier>{8bea0c0c-f45c-487c-a202-0716d6fbda34}</UniqueIdentifier>
    </Filter>
    <Filter Include="Header Files\Header\GamePlay\Boundary">
      <UniqueIdentifier>{690ba6d0-d7a4-4ed9-add2-cf254b75d93d}</UniqueIdentifier>
    </Filter>
    <Filter Include="Header Files\Header\Events">
      <UniqueIdentifier>{c71873a9-8740-4e25-92d7-14cc421b5415}</UniqueIdentifier>
    </Filter>
    <Filter Include="Header Files\Header\Utility">
      <UniqueIdentifier>{c84f9827-7762-4611-ba40-067cc04d41b7}</UniqueIdentifier>
    </Filter>
    <Filter Include="Header Files\Header\UI">
      <UniqueIdentifier>{e288bdfd-f8c7-4aaf-b03e-999455cd5046}</UniqueIdentifier>
    </Filter>
  </ItemGroup>
  <ItemGroup>
    <ClCompile Include="Main.cpp">
      <Filter>Source Files</Filter>
    </ClCompile>
    <ClCompile Include="Source\Core\GameWindowManager.cpp">
      <Filter>Source Files</Filter>
    </ClCompile>
    <ClCompile Include="Source\Event\EventManager.cpp">
      <Filter>Source Files</Filter>
    </ClCompile>
    <ClCompile Include="Source\Core\GameLoop.cpp">
      <Filter>Source Files</Filter>
    </ClCompile>
    <ClCompile Include="Source\Gameplay\Ball\Ball.cpp">
      <Filter>Source Files</Filter>
    </ClCompile>
    <ClCompile Include="Source\Gameplay\Paddle\Paddle.cpp">
      <Filter>Source Files</Filter>
    </ClCompile>
    <ClCompile Include="Source\Gameplay\GameplayManager.cpp">
      <Filter>Source Files</Filter>
    </ClCompile>
  </ItemGroup>
  <ItemGroup>
    <ClInclude Include="Header\Core\GameWindowManager.h">
      <Filter>Header Files</Filter>
    </ClInclude>
    <ClInclude Include="Header\Event\EventManager.h">
      <Filter>Header Files</Filter>
    </ClInclude>
    <ClInclude Include="SFML\include\SFML\Audio.hpp">
      <Filter>Header Files</Filter>
    </ClInclude>
    <ClInclude Include="SFML\include\SFML\Config.hpp">
      <Filter>Header Files</Filter>
    </ClInclude>
    <ClInclude Include="SFML\include\SFML\GpuPreference.hpp">
      <Filter>Header Files</Filter>
    </ClInclude>
    <ClInclude Include="SFML\include\SFML\Graphics.hpp">
      <Filter>Header Files</Filter>
    </ClInclude>
    <ClInclude Include="SFML\include\SFML\Main.hpp">
      <Filter>Header Files</Filter>
    </ClInclude>
    <ClInclude Include="SFML\include\SFML\Network.hpp">
      <Filter>Header Files</Filter>
    </ClInclude>
    <ClInclude Include="SFML\include\SFML\OpenGL.hpp">
      <Filter>Header Files</Filter>
    </ClInclude>
    <ClInclude Include="SFML\include\SFML\System.hpp">
      <Filter>Header Files</Filter>
    </ClInclude>
    <ClInclude Include="SFML\include\SFML\Window.hpp">
      <Filter>Header Files</Filter>
    </ClInclude>
    <ClInclude Include="SFML\include\SFML\Window\Clipboard.hpp">
      <Filter>Header Files</Filter>
    </ClInclude>
    <ClInclude Include="SFML\include\SFML\Window\Context.hpp">
      <Filter>Header Files</Filter>
    </ClInclude>
    <ClInclude Include="SFML\include\SFML\Window\ContextSettings.hpp">
      <Filter>Header Files</Filter>
    </ClInclude>
    <ClInclude Include="SFML\include\SFML\Window\Cursor.hpp">
      <Filter>Header Files</Filter>
    </ClInclude>
    <ClInclude Include="SFML\include\SFML\Window\Event.hpp">
      <Filter>Header Files</Filter>
    </ClInclude>
    <ClInclude Include="SFML\include\SFML\Window\Export.hpp">
      <Filter>Header Files</Filter>
    </ClInclude>
    <ClInclude Include="SFML\include\SFML\Window\GlResource.hpp">
      <Filter>Header Files</Filter>
    </ClInclude>
    <ClInclude Include="SFML\include\SFML\Window\Joystick.hpp">
      <Filter>Header Files</Filter>
    </ClInclude>
    <ClInclude Include="SFML\include\SFML\Window\Keyboard.hpp">
      <Filter>Header Files</Filter>
    </ClInclude>
    <ClInclude Include="SFML\include\SFML\Window\Mouse.hpp">
      <Filter>Header Files</Filter>
    </ClInclude>
    <ClInclude Include="SFML\include\SFML\Window\Sensor.hpp">
      <Filter>Header Files</Filter>
    </ClInclude>
    <ClInclude Include="SFML\include\SFML\Window\Touch.hpp">
      <Filter>Header Files</Filter>
    </ClInclude>
    <ClInclude Include="SFML\include\SFML\Window\VideoMode.hpp">
      <Filter>Header Files</Filter>
    </ClInclude>
    <ClInclude Include="SFML\include\SFML\Window\Vulkan.hpp">
      <Filter>Header Files</Filter>
    </ClInclude>
    <ClInclude Include="SFML\include\SFML\Window\Window.hpp">
      <Filter>Header Files</Filter>
    </ClInclude>
    <ClInclude Include="SFML\include\SFML\Window\WindowBase.hpp">
      <Filter>Header Files</Filter>
    </ClInclude>
    <ClInclude Include="SFML\include\SFML\Window\WindowHandle.hpp">
      <Filter>Header Files</Filter>
    </ClInclude>
    <ClInclude Include="SFML\include\SFML\Window\WindowStyle.hpp">
      <Filter>Header Files</Filter>
    </ClInclude>
    <ClInclude Include="SFML\include\SFML\System\Clock.hpp">
      <Filter>Header Files</Filter>
    </ClInclude>
    <ClInclude Include="SFML\include\SFML\System\Err.hpp">
      <Filter>Header Files</Filter>
    </ClInclude>
    <ClInclude Include="SFML\include\SFML\System\Export.hpp">
      <Filter>Header Files</Filter>
    </ClInclude>
    <ClInclude Include="SFML\include\SFML\System\FileInputStream.hpp">
      <Filter>Header Files</Filter>
    </ClInclude>
    <ClInclude Include="SFML\include\SFML\System\InputStream.hpp">
      <Filter>Header Files</Filter>
    </ClInclude>
    <ClInclude Include="SFML\include\SFML\System\Lock.hpp">
      <Filter>Header Files</Filter>
    </ClInclude>
    <ClInclude Include="SFML\include\SFML\System\MemoryInputStream.hpp">
      <Filter>Header Files</Filter>
    </ClInclude>
    <ClInclude Include="SFML\include\SFML\System\Mutex.hpp">
      <Filter>Header Files</Filter>
    </ClInclude>
    <ClInclude Include="SFML\include\SFML\System\NativeActivity.hpp">
      <Filter>Header Files</Filter>
    </ClInclude>
    <ClInclude Include="SFML\include\SFML\System\NonCopyable.hpp">
      <Filter>Header Files</Filter>
    </ClInclude>
    <ClInclude Include="SFML\include\SFML\System\Sleep.hpp">
      <Filter>Header Files</Filter>
    </ClInclude>
    <ClInclude Include="SFML\include\SFML\System\String.hpp">
      <Filter>Header Files</Filter>
    </ClInclude>
    <ClInclude Include="SFML\include\SFML\System\Thread.hpp">
      <Filter>Header Files</Filter>
    </ClInclude>
    <ClInclude Include="SFML\include\SFML\System\ThreadLocal.hpp">
      <Filter>Header Files</Filter>
    </ClInclude>
    <ClInclude Include="SFML\include\SFML\System\ThreadLocalPtr.hpp">
      <Filter>Header Files</Filter>
    </ClInclude>
    <ClInclude Include="SFML\include\SFML\System\Time.hpp">
      <Filter>Header Files</Filter>
    </ClInclude>
    <ClInclude Include="SFML\include\SFML\System\Utf.hpp">
      <Filter>Header Files</Filter>
    </ClInclude>
    <ClInclude Include="SFML\include\SFML\System\Vector2.hpp">
      <Filter>Header Files</Filter>
    </ClInclude>
    <ClInclude Include="SFML\include\SFML\System\Vector3.hpp">
      <Filter>Header Files</Filter>
    </ClInclude>
    <ClInclude Include="SFML\include\SFML\Network\Export.hpp">
      <Filter>Header Files</Filter>
    </ClInclude>
    <ClInclude Include="SFML\include\SFML\Network\Ftp.hpp">
      <Filter>Header Files</Filter>
    </ClInclude>
    <ClInclude Include="SFML\include\SFML\Network\Http.hpp">
      <Filter>Header Files</Filter>
    </ClInclude>
    <ClInclude Include="SFML\include\SFML\Network\IpAddress.hpp">
      <Filter>Header Files</Filter>
    </ClInclude>
    <ClInclude Include="SFML\include\SFML\Network\Packet.hpp">
      <Filter>Header Files</Filter>
    </ClInclude>
    <ClInclude Include="SFML\include\SFML\Network\Socket.hpp">
      <Filter>Header Files</Filter>
    </ClInclude>
    <ClInclude Include="SFML\include\SFML\Network\SocketHandle.hpp">
      <Filter>Header Files</Filter>
    </ClInclude>
    <ClInclude Include="SFML\include\SFML\Network\SocketSelector.hpp">
      <Filter>Header Files</Filter>
    </ClInclude>
    <ClInclude Include="SFML\include\SFML\Network\TcpListener.hpp">
      <Filter>Header Files</Filter>
    </ClInclude>
    <ClInclude Include="SFML\include\SFML\Network\TcpSocket.hpp">
      <Filter>Header Files</Filter>
    </ClInclude>
    <ClInclude Include="SFML\include\SFML\Network\UdpSocket.hpp">
      <Filter>Header Files</Filter>
    </ClInclude>
    <ClInclude Include="SFML\include\SFML\Graphics\BlendMode.hpp">
      <Filter>Header Files</Filter>
    </ClInclude>
    <ClInclude Include="SFML\include\SFML\Graphics\CircleShape.hpp">
      <Filter>Header Files</Filter>
    </ClInclude>
    <ClInclude Include="SFML\include\SFML\Graphics\Color.hpp">
      <Filter>Header Files</Filter>
    </ClInclude>
    <ClInclude Include="SFML\include\SFML\Graphics\ConvexShape.hpp">
      <Filter>Header Files</Filter>
    </ClInclude>
    <ClInclude Include="SFML\include\SFML\Graphics\Drawable.hpp">
      <Filter>Header Files</Filter>
    </ClInclude>
    <ClInclude Include="SFML\include\SFML\Graphics\Export.hpp">
      <Filter>Header Files</Filter>
    </ClInclude>
    <ClInclude Include="SFML\include\SFML\Graphics\Font.hpp">
      <Filter>Header Files</Filter>
    </ClInclude>
    <ClInclude Include="SFML\include\SFML\Graphics\Glsl.hpp">
      <Filter>Header Files</Filter>
    </ClInclude>
    <ClInclude Include="SFML\include\SFML\Graphics\Glyph.hpp">
      <Filter>Header Files</Filter>
    </ClInclude>
    <ClInclude Include="SFML\include\SFML\Graphics\Image.hpp">
      <Filter>Header Files</Filter>
    </ClInclude>
    <ClInclude Include="SFML\include\SFML\Graphics\PrimitiveType.hpp">
      <Filter>Header Files</Filter>
    </ClInclude>
    <ClInclude Include="SFML\include\SFML\Graphics\Rect.hpp">
      <Filter>Header Files</Filter>
    </ClInclude>
    <ClInclude Include="SFML\include\SFML\Graphics\RectangleShape.hpp">
      <Filter>Header Files</Filter>
    </ClInclude>
    <ClInclude Include="SFML\include\SFML\Graphics\RenderStates.hpp">
      <Filter>Header Files</Filter>
    </ClInclude>
    <ClInclude Include="SFML\include\SFML\Graphics\RenderTarget.hpp">
      <Filter>Header Files</Filter>
    </ClInclude>
    <ClInclude Include="SFML\include\SFML\Graphics\RenderTexture.hpp">
      <Filter>Header Files</Filter>
    </ClInclude>
    <ClInclude Include="SFML\include\SFML\Graphics\RenderWindow.hpp">
      <Filter>Header Files</Filter>
    </ClInclude>
    <ClInclude Include="SFML\include\SFML\Graphics\Shader.hpp">
      <Filter>Header Files</Filter>
    </ClInclude>
    <ClInclude Include="SFML\include\SFML\Graphics\Shape.hpp">
      <Filter>Header Files</Filter>
    </ClInclude>
    <ClInclude Include="SFML\include\SFML\Graphics\Sprite.hpp">
      <Filter>Header Files</Filter>
    </ClInclude>
    <ClInclude Include="SFML\include\SFML\Graphics\Text.hpp">
      <Filter>Header Files</Filter>
    </ClInclude>
    <ClInclude Include="SFML\include\SFML\Graphics\Texture.hpp">
      <Filter>Header Files</Filter>
    </ClInclude>
    <ClInclude Include="SFML\include\SFML\Graphics\Transform.hpp">
      <Filter>Header Files</Filter>
    </ClInclude>
    <ClInclude Include="SFML\include\SFML\Graphics\Transformable.hpp">
      <Filter>Header Files</Filter>
    </ClInclude>
    <ClInclude Include="SFML\include\SFML\Graphics\Vertex.hpp">
      <Filter>Header Files</Filter>
    </ClInclude>
    <ClInclude Include="SFML\include\SFML\Graphics\VertexArray.hpp">
      <Filter>Header Files</Filter>
    </ClInclude>
    <ClInclude Include="SFML\include\SFML\Graphics\VertexBuffer.hpp">
      <Filter>Header Files</Filter>
    </ClInclude>
    <ClInclude Include="SFML\include\SFML\Graphics\View.hpp">
      <Filter>Header Files</Filter>
    </ClInclude>
    <ClInclude Include="SFML\include\SFML\Audio\AlResource.hpp">
      <Filter>Header Files</Filter>
    </ClInclude>
    <ClInclude Include="SFML\include\SFML\Audio\Export.hpp">
      <Filter>Header Files</Filter>
    </ClInclude>
    <ClInclude Include="SFML\include\SFML\Audio\InputSoundFile.hpp">
      <Filter>Header Files</Filter>
    </ClInclude>
    <ClInclude Include="SFML\include\SFML\Audio\Listener.hpp">
      <Filter>Header Files</Filter>
    </ClInclude>
    <ClInclude Include="SFML\include\SFML\Audio\Music.hpp">
      <Filter>Header Files</Filter>
    </ClInclude>
    <ClInclude Include="SFML\include\SFML\Audio\OutputSoundFile.hpp">
      <Filter>Header Files</Filter>
    </ClInclude>
    <ClInclude Include="SFML\include\SFML\Audio\Sound.hpp">
      <Filter>Header Files</Filter>
    </ClInclude>
    <ClInclude Include="SFML\include\SFML\Audio\SoundBuffer.hpp">
      <Filter>Header Files</Filter>
    </ClInclude>
    <ClInclude Include="SFML\include\SFML\Audio\SoundBufferRecorder.hpp">
      <Filter>Header Files</Filter>
    </ClInclude>
    <ClInclude Include="SFML\include\SFML\Audio\SoundFileFactory.hpp">
      <Filter>Header Files</Filter>
    </ClInclude>
    <ClInclude Include="SFML\include\SFML\Audio\SoundFileReader.hpp">
      <Filter>Header Files</Filter>
    </ClInclude>
    <ClInclude Include="SFML\include\SFML\Audio\SoundFileWriter.hpp">
      <Filter>Header Files</Filter>
    </ClInclude>
    <ClInclude Include="SFML\include\SFML\Audio\SoundRecorder.hpp">
      <Filter>Header Files</Filter>
    </ClInclude>
    <ClInclude Include="SFML\include\SFML\Audio\SoundSource.hpp">
      <Filter>Header Files</Filter>
    </ClInclude>
    <ClInclude Include="SFML\include\SFML\Audio\SoundStream.hpp">
      <Filter>Header Files</Filter>
    </ClInclude>
    <ClInclude Include="Header\Core\GameLoop.h">
      <Filter>Header Files</Filter>
    </ClInclude>
    <ClInclude Include="Header\Gameplay\Ball\Ball.h">
      <Filter>Header Files</Filter>
    </ClInclude>
    <ClInclude Include="Header\Gameplay\Paddle\Paddle.h">
      <Filter>Header Files</Filter>
    </ClInclude>
    <ClInclude Include="Header\Gameplay\GameplayManager.h">
      <Filter>Header Files</Filter>
    </ClInclude>
  </ItemGroup>
  <ItemGroup>
    <None Include="SFML\include\SFML\System\String.inl">
      <Filter>Header Files</Filter>
    </None>
    <None Include="SFML\include\SFML\System\Thread.inl">
      <Filter>Header Files</Filter>
    </None>
    <None Include="SFML\include\SFML\System\ThreadLocalPtr.inl">
      <Filter>Header Files</Filter>
    </None>
    <None Include="SFML\include\SFML\System\Utf.inl">
      <Filter>Header Files</Filter>
    </None>
    <None Include="SFML\include\SFML\System\Vector2.inl">
      <Filter>Header Files</Filter>
    </None>
    <None Include="SFML\include\SFML\System\Vector3.inl">
      <Filter>Header Files</Filter>
    </None>
    <None Include="SFML\include\SFML\Graphics\Glsl.inl">
      <Filter>Header Files</Filter>
    </None>
    <None Include="SFML\include\SFML\Graphics\Rect.inl">
      <Filter>Header Files</Filter>
    </None>
    <None Include="SFML\include\SFML\Audio\SoundFileFactory.inl">
      <Filter>Header Files</Filter>
    </None>
    <None Include="SFML\lib\Debug\sfml-audio.pdb" />
    <None Include="SFML\lib\Debug\sfml-audio-s.pdb" />
    <None Include="SFML\lib\Debug\sfml-audio-s-d.pdb" />
    <None Include="SFML\lib\Debug\sfml-graphics.pdb" />
    <None Include="SFML\lib\Debug\sfml-graphics-s.pdb" />
    <None Include="SFML\lib\Debug\sfml-graphics-s-d.pdb" />
    <None Include="SFML\lib\Debug\sfml-main-d.pdb" />
    <None Include="SFML\lib\Debug\sfml-main-s.pdb" />
    <None Include="SFML\lib\Debug\sfml-network.pdb" />
    <None Include="SFML\lib\Debug\sfml-network-s.pdb" />
    <None Include="SFML\lib\Debug\sfml-network-s-d.pdb" />
    <None Include="SFML\lib\Debug\sfml-system.pdb" />
    <None Include="SFML\lib\Debug\sfml-system-s.pdb" />
    <None Include="SFML\lib\Debug\sfml-system-s-d.pdb" />
    <None Include="SFML\lib\Debug\sfml-window.pdb" />
    <None Include="SFML\lib\Debug\sfml-window-s.pdb" />
    <None Include="SFML\lib\Debug\sfml-window-s-d.pdb" />
    <None Include="SFML\lib\cmake\SFML\SFMLConfig.cmake" />
    <None Include="SFML\lib\cmake\SFML\SFMLConfigDependencies.cmake" />
    <None Include="SFML\lib\cmake\SFML\SFMLConfigVersion.cmake" />
    <None Include="SFML\lib\cmake\SFML\SFMLSharedTargets.cmake" />
    <None Include="SFML\lib\cmake\SFML\SFMLSharedTargets-debug.cmake" />
    <None Include="SFML\lib\cmake\SFML\SFMLSharedTargets-release.cmake" />
    <None Include="SFML\lib\cmake\SFML\SFMLStaticTargets.cmake" />
    <None Include="SFML\lib\cmake\SFML\SFMLStaticTargets-debug.cmake" />
    <None Include="SFML\lib\cmake\SFML\SFMLStaticTargets-release.cmake" />
    <None Include="x64\Debug\openal32.dll" />
    <None Include="x64\Debug\Pong-SFML.exe" />
    <None Include="x64\Debug\Pong-SFML.pdb" />
    <None Include="x64\Debug\sfml-audio-d-2.dll" />
    <None Include="x64\Debug\sfml-graphics-d-2.dll" />
    <None Include="x64\Debug\sfml-network-d-2.dll" />
    <None Include="x64\Debug\sfml-system-d-2.dll" />
    <None Include="x64\Debug\sfml-window-d-2.dll" />
  </ItemGroup>
  <ItemGroup>
    <Library Include="SFML\lib\flac.lib" />
    <Library Include="SFML\lib\freetype.lib" />
    <Library Include="SFML\lib\ogg.lib" />
    <Library Include="SFML\lib\openal32.lib" />
    <Library Include="SFML\lib\sfml-audio.lib" />
    <Library Include="SFML\lib\sfml-audio-d.lib" />
    <Library Include="SFML\lib\sfml-audio-s.lib" />
    <Library Include="SFML\lib\sfml-audio-s-d.lib" />
    <Library Include="SFML\lib\sfml-graphics.lib" />
    <Library Include="SFML\lib\sfml-graphics-d.lib" />
    <Library Include="SFML\lib\sfml-graphics-s.lib" />
    <Library Include="SFML\lib\sfml-graphics-s-d.lib" />
    <Library Include="SFML\lib\sfml-main.lib" />
    <Library Include="SFML\lib\sfml-main-d.lib" />
    <Library Include="SFML\lib\sfml-network.lib" />
    <Library Include="SFML\lib\sfml-network-d.lib" />
    <Library Include="SFML\lib\sfml-network-s.lib" />
    <Library Include="SFML\lib\sfml-network-s-d.lib" />
    <Library Include="SFML\lib\sfml-system.lib" />
    <Library Include="SFML\lib\sfml-system-d.lib" />
    <Library Include="SFML\lib\sfml-system-s.lib" />
    <Library Include="SFML\lib\sfml-system-s-d.lib" />
    <Library Include="SFML\lib\sfml-window.lib" />
    <Library Include="SFML\lib\sfml-window-d.lib" />
    <Library Include="SFML\lib\sfml-window-s.lib" />
    <Library Include="SFML\lib\sfml-window-s-d.lib" />
    <Library Include="SFML\lib\vorbis.lib" />
    <Library Include="SFML\lib\vorbisenc.lib" />
    <Library Include="SFML\lib\vorbisfile.lib" />
  </ItemGroup>
</Project>